
Microsoft Visual Studio Solution File, Format Version 12.00
# Visual Studio Version 16
VisualStudioVersion = 16.0.29123.88
MinimumVisualStudioVersion = 10.0.40219.1
Project("{FAE04EC0-301F-11D3-BF4B-00C04F79EFBC}") = "JingleBellsGame", "JingleBellsGame\JingleBellsGame.csproj", "{ED2DA3EA-496F-49D4-BE17-9E0CF3BCD42D}"
EndProject
Global
	GlobalSection(SolutionConfigurationPlatforms) = preSolution
		Debug|Any CPU = Debug|Any CPU
		Release|Any CPU = Release|Any CPU
	EndGlobalSection
	GlobalSection(ProjectConfigurationPlatforms) = postSolution
		{ED2DA3EA-496F-49D4-BE17-9E0CF3BCD42D}.Debug|Any CPU.ActiveCfg = Debug|Any CPU
		{ED2DA3EA-496F-49D4-BE17-9E0CF3BCD42D}.Debug|Any CPU.Build.0 = Debug|Any CPU
		{ED2DA3EA-496F-49D4-BE17-9E0CF3BCD42D}.Release|Any CPU.ActiveCfg = Release|Any CPU
		{ED2DA3EA-496F-49D4-BE17-9E0CF3BCD42D}.Release|Any CPU.Build.0 = Release|Any CPU
	EndGlobalSection
	GlobalSection(SolutionProperties) = preSolution
		HideSolutionNode = FALSE
	EndGlobalSection
	GlobalSection(ExtensibilityGlobals) = postSolution
		SolutionGuid = {0FB0AACA-0C34-493D-BE24-D391C8C817B5}
	EndGlobalSection
EndGlobal
